<Solution>
  <Folder Name="/benchmarks/">
    <Project Path="benchmarks/ViciOne.ServiceBus.Benchmark/ViciOne.ServiceBus.Benchmark.csproj" />
    <Project Path="benchmarks/ViciOne.ServiceBus.BenchmarkConsole/ViciOne.ServiceBus.BenchmarkConsole.csproj" />
    <Project Path="benchmarks/ViciOne.ServiceBus.Benchmarks.Tests/ViciOne.ServiceBus.Benchmarks.Tests.csproj" />
  </Folder>
  <Folder Name="/diagnostics/">
    <Project Path="tools/diagnostics/ViciOne.ServiceBus.Diagnostics/ViciOne.ServiceBus.Diagnostics.csproj" />
    <Project Path="tests/Tools/ViciOne.ServiceBus.Diagnostics.Tests/ViciOne.ServiceBus.Diagnostics.Tests.csproj" />
  </Folder>
  <Folder Name="/dependencies/">
    <Project Path="src/Persistence/ViciOne.ServiceBus.EntityFrameworkCoreIntegration/ViciOne.ServiceBus.EntityFrameworkCoreIntegration.csproj" />
    <Project Path="src/Transports/ViciOne.ServiceBus.ActiveMqTransport/ViciOne.ServiceBus.ActiveMqTransport.csproj" />
    <Project Path="src/Transports/ViciOne.ServiceBus.AmazonSqsTransport/ViciOne.ServiceBus.AmazonSqsTransport.csproj" />
    <Project Path="src/Transports/ViciOne.ServiceBus.Azure.ServiceBus.Core/ViciOne.ServiceBus.Azure.ServiceBus.Core.csproj" />
    <Project Path="src/Transports/ViciOne.ServiceBus.RabbitMqTransport/ViciOne.ServiceBus.RabbitMqTransport.csproj" />
    <Project Path="src/Transports/ViciOne.ServiceBus.SqlTransport.PostgreSql/ViciOne.ServiceBus.SqlTransport.PostgreSql.csproj" />
    <Project Path="src/ViciOne.ServiceBus.Abstractions/ViciOne.ServiceBus.Abstractions.csproj" />
    <Project Path="src/ViciOne.ServiceBus.Analyzers/ViciOne.ServiceBus.Analyzers.csproj" />
    <Project Path="src/ViciOne.ServiceBus.Analyzers.CodeFixes/ViciOne.ServiceBus.Analyzers.CodeFixes.csproj" />
    <Project Path="src/ViciOne.ServiceBus.MessagePack/ViciOne.ServiceBus.MessagePack.csproj" />
    <Project Path="src/ViciOne.ServiceBus.SignalR/ViciOne.ServiceBus.SignalR.csproj" />
    <Project Path="src/ViciOne.ServiceBus/ViciOne.ServiceBus.csproj" />
  </Folder>
  <Folder Name="/tests2/">
    <Project Path="tests2/Architecture/ViciOne.ServiceBus.Architecture.Tests/ViciOne.ServiceBus.Architecture.Tests.csproj" />
    <Project Path="tests2/Testing/ViciOne.ServiceBus.Analyzers.Tests.Infrastructure/ViciOne.ServiceBus.Analyzers.Tests.Infrastructure.csproj" />
    <Project Path="tests2/Testing/ViciOne.ServiceBus.Tests.Infrastructure/ViciOne.ServiceBus.Tests.Infrastructure.csproj" />
    <Project Path="tests2/Testing/ViciOne.ServiceBus.Tests.Infrastructure.Tests/ViciOne.ServiceBus.Tests.Infrastructure.Tests.csproj" />
    <Project Path="tests2/Testing/ViciOne.ServiceBus.Roslyn.Tests.Infrastructure/ViciOne.ServiceBus.Roslyn.Tests.Infrastructure.csproj" />
    <Project Path="tests2/Testing/ViciOne.ServiceBus.Roslyn.Tests.Infrastructure.Tests/ViciOne.ServiceBus.Roslyn.Tests.Infrastructure.Tests.csproj" />
    <Project Path="tests2/ViciOne.ServiceBus.Abstractions.LocalIntegration.Tests/ViciOne.ServiceBus.Abstractions.LocalIntegration.Tests.csproj" />
    <Project Path="tests2/ViciOne.ServiceBus.Abstractions.Tests/ViciOne.ServiceBus.Abstractions.Tests.csproj" />
    <Project Path="tests2/ViciOne.ServiceBus.Analyzers.Tests/ViciOne.ServiceBus.Analyzers.Tests.csproj" />
    <Project Path="tests2/ViciOne.ServiceBus.Analyzers.CodeFixes.Tests/ViciOne.ServiceBus.Analyzers.CodeFixes.Tests.csproj" />
    <Project Path="tests2/ViciOne.ServiceBus.SignalR.Tests/ViciOne.ServiceBus.SignalR.Tests.csproj" />
  </Folder>
</Solution>
