<Solution>
  <!-- Profile LocalIntegration: real local host resources, no cloud resources. -->
  <Folder Name="/tests2/">
    <Project Path="tests2/ViciOne.ServiceBus.Abstractions.LocalIntegration.Tests/ViciOne.ServiceBus.Abstractions.LocalIntegration.Tests.csproj" />
    <Project Path="tests2/Persistence/ViciOne.ServiceBus.Azure.Table.LocalIntegration.Tests/ViciOne.ServiceBus.Azure.Table.LocalIntegration.Tests.csproj" />
    <Project Path="tests2/Persistence/ViciOne.ServiceBus.AmazonS3.LocalIntegration.Tests/ViciOne.ServiceBus.AmazonS3.LocalIntegration.Tests.csproj" />
    <Project Path="tests2/Persistence/ViciOne.ServiceBus.DynamoDbIntegration.LocalIntegration.Tests/ViciOne.ServiceBus.DynamoDbIntegration.LocalIntegration.Tests.csproj" />
    <Project Path="tests2/Persistence/ViciOne.ServiceBus.EntityFrameworkCoreIntegration.LocalIntegration.Tests/ViciOne.ServiceBus.EntityFrameworkCoreIntegration.LocalIntegration.Tests.csproj" />
    <Project Path="tests2/Testing/ViciOne.ServiceBus.Tests.Infrastructure/ViciOne.ServiceBus.Tests.Infrastructure.csproj" />
    <Project Path="tests2/Testing/ViciOne.ServiceBus.Tests.InternalAccess/ViciOne.ServiceBus.Tests.InternalAccess.csproj" />
    <Project Path="tests2/Transports/ViciOne.ServiceBus.ActiveMqTransport.LocalIntegration.Tests/ViciOne.ServiceBus.ActiveMqTransport.LocalIntegration.Tests.csproj" />
    <Project Path="tests2/Transports/ViciOne.ServiceBus.AmazonSqsTransport.LocalIntegration.Tests/ViciOne.ServiceBus.AmazonSqsTransport.LocalIntegration.Tests.csproj" />
  </Folder>
  <Folder Name="/src/">
    <Project Path="src/ViciOne.ServiceBus.Abstractions/ViciOne.ServiceBus.Abstractions.csproj" />
    <Project Path="src/ViciOne.ServiceBus/ViciOne.ServiceBus.csproj" />
    <Project Path="src/Persistence/ViciOne.ServiceBus.Azure.Table/ViciOne.ServiceBus.Azure.Table.csproj" />
    <Project Path="src/Persistence/ViciOne.ServiceBus.AmazonS3/ViciOne.ServiceBus.AmazonS3.csproj" />
    <Project Path="src/Persistence/ViciOne.ServiceBus.DynamoDbIntegration/ViciOne.ServiceBus.DynamoDbIntegration.csproj" />
    <Project Path="src/Persistence/ViciOne.ServiceBus.EntityFrameworkCoreIntegration/ViciOne.ServiceBus.EntityFrameworkCoreIntegration.csproj" />
    <Project Path="src/Scheduling/ViciOne.ServiceBus.QuartzIntegration/ViciOne.ServiceBus.QuartzIntegration.csproj" />
    <Project Path="src/Transports/ViciOne.ServiceBus.ActiveMqTransport/ViciOne.ServiceBus.ActiveMqTransport.csproj" />
    <Project Path="src/Transports/ViciOne.ServiceBus.AmazonSqsTransport/ViciOne.ServiceBus.AmazonSqsTransport.csproj" />
  </Folder>
</Solution>
