<Solution>
  <Folder Name="/benchmarks/">
    <Project Path="benchmarks/ViciOne.ServiceBus.Benchmark/ViciOne.ServiceBus.Benchmark.csproj" />
    <Project Path="benchmarks/ViciOne.ServiceBus.BenchmarkConsole/ViciOne.ServiceBus.BenchmarkConsole.csproj" />
    <Project Path="benchmarks/ViciOne.ServiceBus.Benchmarks.Tests/ViciOne.ServiceBus.Benchmarks.Tests.csproj" />
  </Folder>
  <Folder Name="/diagnostics/">
    <Project Path="tools/diagnostics/ViciOne.ServiceBus.Diagnostics/ViciOne.ServiceBus.Diagnostics.csproj" />
    <Project Path="tests2/Tools/ViciOne.ServiceBus.Diagnostics.Tests/ViciOne.ServiceBus.Diagnostics.Tests.csproj" />
  </Folder>
  <Folder Name="/samples/">
    <Project Path="samples/OrderWorkflow/ViciOne.ServiceBus.Samples.OrderWorkflow.csproj" />
  </Folder>
  <Folder Name="/dependencies/">
    <Project Path="src/Persistence/ViciOne.ServiceBus.EntityFrameworkCoreIntegration/ViciOne.ServiceBus.EntityFrameworkCoreIntegration.csproj" />
    <Project Path="src/Persistence/ViciOne.ServiceBus.Azure.Table/ViciOne.ServiceBus.Azure.Table.csproj" />
    <Project Path="src/Persistence/ViciOne.ServiceBus.AmazonS3/ViciOne.ServiceBus.AmazonS3.csproj" />
    <Project Path="src/Persistence/ViciOne.ServiceBus.DynamoDbIntegration/ViciOne.ServiceBus.DynamoDbIntegration.csproj" />
    <Project Path="src/Scheduling/ViciOne.ServiceBus.QuartzIntegration/ViciOne.ServiceBus.QuartzIntegration.csproj" />
    <Project Path="src/Transports/ViciOne.ServiceBus.ActiveMqTransport/ViciOne.ServiceBus.ActiveMqTransport.csproj" />
    <Project Path="src/Transports/ViciOne.ServiceBus.AmazonSqsTransport/ViciOne.ServiceBus.AmazonSqsTransport.csproj" />
    <Project Path="src/Transports/ViciOne.ServiceBus.Azure.ServiceBus.Core/ViciOne.ServiceBus.Azure.ServiceBus.Core.csproj" />
    <Project Path="src/Transports/ViciOne.ServiceBus.RabbitMqTransport/ViciOne.ServiceBus.RabbitMqTransport.csproj" />
    <Project Path="src/Transports/ViciOne.ServiceBus.SqlTransport.PostgreSql/ViciOne.ServiceBus.SqlTransport.PostgreSql.csproj" />
    <Project Path="src/ViciOne.ServiceBus.Abstractions/ViciOne.ServiceBus.Abstractions.csproj" />
    <Project Path="src/ViciOne.ServiceBus.Analyzers/ViciOne.ServiceBus.Analyzers.csproj" />
    <Project Path="src/ViciOne.ServiceBus.Analyzers.CodeFixes/ViciOne.ServiceBus.Analyzers.CodeFixes.csproj" />
    <Project Path="src/ViciOne.ServiceBus.MessagePack/ViciOne.ServiceBus.MessagePack.csproj" />
    <Project Path="src/ViciOne.ServiceBus.SignalR/ViciOne.ServiceBus.SignalR.csproj" />
    <Project Path="src/ViciOne.ServiceBus.StateMachineVisualizer/ViciOne.ServiceBus.StateMachineVisualizer.csproj" />
    <Project Path="src/ViciOne.ServiceBus/ViciOne.ServiceBus.csproj" />
  </Folder>
  <Folder Name="/tests2/">
    <Project Path="tests2/Benchmarks/ViciOne.ServiceBus.Benchmark.Tests/ViciOne.ServiceBus.Benchmark.Tests.csproj" />
    <Project Path="tests2/Architecture/ViciOne.ServiceBus.Architecture.Tests/ViciOne.ServiceBus.Architecture.Tests.csproj" />
    <Project Path="tests2/Testing/ViciOne.ServiceBus.Analyzers.Tests.Infrastructure/ViciOne.ServiceBus.Analyzers.Tests.Infrastructure.csproj" />
    <Project Path="tests2/Testing/ViciOne.ServiceBus.Tests.Infrastructure/ViciOne.ServiceBus.Tests.Infrastructure.csproj" />
    <Project Path="tests2/Testing/ViciOne.ServiceBus.Tests.InternalAccess/ViciOne.ServiceBus.Tests.InternalAccess.csproj" />
    <Project Path="tests2/Testing/ViciOne.ServiceBus.Tests.Infrastructure.Tests/ViciOne.ServiceBus.Tests.Infrastructure.Tests.csproj" />
    <Project Path="tests2/Persistence/ViciOne.ServiceBus.Azure.Table.Tests/ViciOne.ServiceBus.Azure.Table.Tests.csproj" />
    <Project Path="tests2/Persistence/ViciOne.ServiceBus.AmazonS3.Tests/ViciOne.ServiceBus.AmazonS3.Tests.csproj" />
    <Project Path="tests2/Persistence/ViciOne.ServiceBus.DynamoDbIntegration.Tests/ViciOne.ServiceBus.DynamoDbIntegration.Tests.csproj" />
    <Project Path="tests2/Persistence/ViciOne.ServiceBus.EntityFrameworkCoreIntegration.Tests/ViciOne.ServiceBus.EntityFrameworkCoreIntegration.Tests.csproj" />
    <Project Path="tests2/Scheduling/ViciOne.ServiceBus.QuartzIntegration.Tests/ViciOne.ServiceBus.QuartzIntegration.Tests.csproj" />
    <Project Path="tests2/Transports/ViciOne.ServiceBus.RabbitMqTransport.Tests/ViciOne.ServiceBus.RabbitMqTransport.Tests.csproj" />
    <Project Path="tests2/Transports/ViciOne.ServiceBus.ActiveMqTransport.Tests/ViciOne.ServiceBus.ActiveMqTransport.Tests.csproj" />
    <Project Path="tests2/Transports/ViciOne.ServiceBus.AmazonSqsTransport.Tests/ViciOne.ServiceBus.AmazonSqsTransport.Tests.csproj" />
    <Project Path="tests2/Transports/ViciOne.ServiceBus.ActiveMqTransport.LocalIntegration.Tests/ViciOne.ServiceBus.ActiveMqTransport.LocalIntegration.Tests.csproj" />
    <Project Path="tests2/Persistence/ViciOne.ServiceBus.Azure.Table.LocalIntegration.Tests/ViciOne.ServiceBus.Azure.Table.LocalIntegration.Tests.csproj" />
    <Project Path="tests2/Persistence/ViciOne.ServiceBus.AmazonS3.LocalIntegration.Tests/ViciOne.ServiceBus.AmazonS3.LocalIntegration.Tests.csproj" />
    <Project Path="tests2/Persistence/ViciOne.ServiceBus.DynamoDbIntegration.LocalIntegration.Tests/ViciOne.ServiceBus.DynamoDbIntegration.LocalIntegration.Tests.csproj" />
    <Project Path="tests2/Persistence/ViciOne.ServiceBus.EntityFrameworkCoreIntegration.LocalIntegration.Tests/ViciOne.ServiceBus.EntityFrameworkCoreIntegration.LocalIntegration.Tests.csproj" />
    <Project Path="tests2/Testing/ViciOne.ServiceBus.Roslyn.Tests.Infrastructure/ViciOne.ServiceBus.Roslyn.Tests.Infrastructure.csproj" />
    <Project Path="tests2/Testing/ViciOne.ServiceBus.Roslyn.Tests.Infrastructure.Tests/ViciOne.ServiceBus.Roslyn.Tests.Infrastructure.Tests.csproj" />
    <Project Path="tests2/ViciOne.ServiceBus.Abstractions.LocalIntegration.Tests/ViciOne.ServiceBus.Abstractions.LocalIntegration.Tests.csproj" />
    <Project Path="tests2/Transports/ViciOne.ServiceBus.AmazonSqsTransport.LocalIntegration.Tests/ViciOne.ServiceBus.AmazonSqsTransport.LocalIntegration.Tests.csproj" />
    <Project Path="tests2/ViciOne.ServiceBus.Abstractions.Tests/ViciOne.ServiceBus.Abstractions.Tests.csproj" />
    <Project Path="tests2/ViciOne.ServiceBus.Analyzers.Tests/ViciOne.ServiceBus.Analyzers.Tests.csproj" />
    <Project Path="tests2/ViciOne.ServiceBus.Analyzers.CodeFixes.Tests/ViciOne.ServiceBus.Analyzers.CodeFixes.Tests.csproj" />
    <Project Path="tests2/ViciOne.ServiceBus.MessagePack.Tests/ViciOne.ServiceBus.MessagePack.Tests.csproj" />
    <Project Path="tests2/ViciOne.ServiceBus.SignalR.Tests/ViciOne.ServiceBus.SignalR.Tests.csproj" />
    <Project Path="tests2/ViciOne.ServiceBus.StateMachineVisualizer.Tests/ViciOne.ServiceBus.StateMachineVisualizer.Tests.csproj" />
    <Project Path="tests2/ViciOne.ServiceBus.Tests/ViciOne.ServiceBus.Tests.csproj" />
  </Folder>
</Solution>
