{
  "version": 1,
  "dependencies": {
    "net10.0": {
      "Microsoft.Extensions.DependencyInjection": {
        "type": "Direct",
        "requested": "[10.0.12, )",
        "resolved": "10.0.12",
        "contentHash": "lXyK2O5GoYvfxW8eCFcD16JFbcoSTM1sJkAM0UHS1jZyl9NYMW64Tqm6OQFT0IDBjZi+xHt95/Zg+nxZhGFhZg==",
        "dependencies": {
          "Microsoft.Extensions.DependencyInjection.Abstractions": "10.0.12"
        }
      },
      "ViciOne.ServiceBus.RabbitMq.Testing": {
        "type": "Direct",
        "requested": "[1.0.0, )",
        "resolved": "1.0.0",
        "contentHash": "GKjrWDCSMqP5EGd+SckDykFhw+XPOZxft3sLii9P6/cro8WL6FYagJWYye0cKFP/YOJuIR2O4EKVstft/eZrUA==",
        "dependencies": {
          "FastExpressionCompiler": "5.4.1",
          "Microsoft.Extensions.DependencyInjection.Abstractions": "10.0.12",
          "Microsoft.Extensions.Diagnostics": "10.0.12",
          "Microsoft.Extensions.Diagnostics.HealthChecks": "10.0.12",
          "Microsoft.Extensions.Hosting.Abstractions": "10.0.12",
          "Microsoft.Extensions.Logging.Abstractions": "10.0.12",
          "Microsoft.Extensions.Options": "10.0.12",
          "RabbitMQ.Client": "7.2.2",
          "ViciOne.ServiceBus.RabbitMq": "1.0.0",
          "ViciOne.ServiceBus.Testing": "1.0.0"
        }
      },
      "FastExpressionCompiler": {
        "type": "Transitive",
        "resolved": "5.4.1",
        "contentHash": "nqMykMspK5cQd35Y8ulQzAujxCcCwZVUne32pC5xNpXqrbPCuKOPMWkKHJ3LveAZPm6dsVvump0TJ1SZ9RzfTQ=="
      },
      "Microsoft.Extensions.Configuration": {
        "type": "Transitive",
        "resolved": "10.0.12",
        "contentHash": "e3IPP32CRNL031VZJAUTlCTG0YN7WFh4mN3fsSHTDQCJB+3+f0jGycv4fXk3rrftaY3B85XrQaj7sRthrOsavg==",
        "dependencies": {
          "Microsoft.Extensions.Configuration.Abstractions": "10.0.12",
          "Microsoft.Extensions.Primitives": "10.0.12"
        }
      },
      "Microsoft.Extensions.Configuration.Abstractions": {
        "type": "Transitive",
        "resolved": "10.0.12",
        "contentHash": "8xaGcvS/qZ1otoxPQCEJkNva389CVL/plNcvIETZhQTETYdRkYDPEYhUMoAGONo4FU45ufdfE0j29AfWVVj0wA==",
        "dependencies": {
          "Microsoft.Extensions.Primitives": "10.0.12"
        }
      },
      "Microsoft.Extensions.Configuration.Binder": {
        "type": "Transitive",
        "resolved": "10.0.12",
        "contentHash": "dAgIf1TOr8KLs+aBRIbXUZBjHoSH4rDG8+XkX/Q6AZwkQdMA0+yPDKTHsieeXdZDfpOpZVHzOnuAb5Z2nX3KsA==",
        "dependencies": {
          "Microsoft.Extensions.Configuration": "10.0.12",
          "Microsoft.Extensions.Configuration.Abstractions": "10.0.12"
        }
      },
      "Microsoft.Extensions.DependencyInjection.Abstractions": {
        "type": "Transitive",
        "resolved": "10.0.12",
        "contentHash": "9/qymSh7hVDMGTGwrLz8MRp5zRyXy9adGDOs4HwRdnLil3oZGYuWeZjbmHgCQ9BL1qBroVfgUK3U/nb61617Cw=="
      },
      "Microsoft.Extensions.Diagnostics": {
        "type": "Transitive",
        "resolved": "10.0.12",
        "contentHash": "amx0O/R4dReqKlC3T740+CHpX8D8tAIV0f5kAPfFi4XK9jYo9BSepGt9/rWfvvCoSMaZ1+XvnqPp/Vv2fmTdAg==",
        "dependencies": {
          "Microsoft.Extensions.Configuration": "10.0.12",
          "Microsoft.Extensions.Diagnostics.Abstractions": "10.0.12",
          "Microsoft.Extensions.Options.ConfigurationExtensions": "10.0.12"
        }
      },
      "Microsoft.Extensions.Diagnostics.Abstractions": {
        "type": "Transitive",
        "resolved": "10.0.12",
        "contentHash": "fMp91qlRlMOuHfMyp7LuAnOS+MOeWTF1obJmyFcs4nZCXu6pr+QB1AbFJcl2qpBltBrqF/Y7+Rn9IuNcSuctig==",
        "dependencies": {
          "Microsoft.Extensions.DependencyInjection.Abstractions": "10.0.12",
          "Microsoft.Extensions.Options": "10.0.12"
        }
      },
      "Microsoft.Extensions.Diagnostics.HealthChecks": {
        "type": "Transitive",
        "resolved": "10.0.12",
        "contentHash": "Ck8nkBxEYPOGtUCp0whKwfE4qAHBnsK0DY1kgZLKvzf7s9xyr4lASa4K4AKNN1VHy7r3Z1Z57U6C0TMzFjD8ig==",
        "dependencies": {
          "Microsoft.Extensions.Diagnostics.HealthChecks.Abstractions": "10.0.12",
          "Microsoft.Extensions.Hosting.Abstractions": "10.0.12",
          "Microsoft.Extensions.Logging.Abstractions": "10.0.12",
          "Microsoft.Extensions.Options": "10.0.12"
        }
      },
      "Microsoft.Extensions.Diagnostics.HealthChecks.Abstractions": {
        "type": "Transitive",
        "resolved": "10.0.12",
        "contentHash": "oN4AYFq+50m7a65GgRxRqjdynWS6kVQAH6gHKRTfsrLP/aH7RvxIQ7139fjbnrxBwzfZQtZRhlcjvEIiRzihrg=="
      },
      "Microsoft.Extensions.FileProviders.Abstractions": {
        "type": "Transitive",
        "resolved": "10.0.12",
        "contentHash": "iQseV6HixWzEYQH4i++84ToIroXnM5jC1TJF4EqBz3lWNG1HBTMYDLkRb6Wm3wk5V6WqSfl7NukO/LYsloGyfg==",
        "dependencies": {
          "Microsoft.Extensions.Primitives": "10.0.12"
        }
      },
      "Microsoft.Extensions.Hosting.Abstractions": {
        "type": "Transitive",
        "resolved": "10.0.12",
        "contentHash": "ZlIxIJtWmrph0Ikj0svSaTkZ+d+ZYpTAhazpf1b3aoFRmlNnNWwkcvqnqT9yKHjKvfBRthvUrkq11OxfItOhpg==",
        "dependencies": {
          "Microsoft.Extensions.Configuration.Abstractions": "10.0.12",
          "Microsoft.Extensions.DependencyInjection.Abstractions": "10.0.12",
          "Microsoft.Extensions.Diagnostics.Abstractions": "10.0.12",
          "Microsoft.Extensions.FileProviders.Abstractions": "10.0.12",
          "Microsoft.Extensions.Logging.Abstractions": "10.0.12"
        }
      },
      "Microsoft.Extensions.Logging.Abstractions": {
        "type": "Transitive",
        "resolved": "10.0.12",
        "contentHash": "+24lC4plfbEDNfLAdTV/SWKS7dW+16X4HdydO3R++134kSNTzcbYA4KpR1Hdh6uWisB8Za3AzwyOn+K+NxWIug==",
        "dependencies": {
          "Microsoft.Extensions.DependencyInjection.Abstractions": "10.0.12"
        }
      },
      "Microsoft.Extensions.Options": {
        "type": "Transitive",
        "resolved": "10.0.12",
        "contentHash": "TDYD33TSRpXKZWlmTXNlj5kCihxatmv2Ec1u6C+bMYLphCS7PoSLE9Pjd/nunDoE7yETk+LLKjVJX78HYtWjpA==",
        "dependencies": {
          "Microsoft.Extensions.DependencyInjection.Abstractions": "10.0.12",
          "Microsoft.Extensions.Primitives": "10.0.12"
        }
      },
      "Microsoft.Extensions.Options.ConfigurationExtensions": {
        "type": "Transitive",
        "resolved": "10.0.12",
        "contentHash": "rqpu4qj5WE9x1IHGXSIgHBKi7IUlQaHyp4aXCYIanG2OghlUMFZpZTgExaXwcvmLAJHsxKQWMPpc7D2WIbCVtA==",
        "dependencies": {
          "Microsoft.Extensions.Configuration.Abstractions": "10.0.12",
          "Microsoft.Extensions.Configuration.Binder": "10.0.12",
          "Microsoft.Extensions.DependencyInjection.Abstractions": "10.0.12",
          "Microsoft.Extensions.Options": "10.0.12",
          "Microsoft.Extensions.Primitives": "10.0.12"
        }
      },
      "Microsoft.Extensions.Primitives": {
        "type": "Transitive",
        "resolved": "10.0.12",
        "contentHash": "dYfCLR52UA+3DL7C4I/pvSaRPkNqxrUAQmbFL2u0zvYKKzqgrFCJl08Df+F1aYc8leu9JvpC9bsURUdpExcBXQ=="
      },
      "RabbitMQ.Client": {
        "type": "Transitive",
        "resolved": "7.2.2",
        "contentHash": "k4b6RnTXpLbsF96V93ooNYxgPMnoA2tEm24B6AXNJr1mG8wwNYdA1XJtgU66L5xqeGyveS7SJriRzlX3cbqQNA==",
        "dependencies": {
          "System.Threading.RateLimiting": "8.0.0"
        }
      },
      "System.Threading.RateLimiting": {
        "type": "Transitive",
        "resolved": "8.0.0",
        "contentHash": "7mu9v0QDv66ar3DpGSZHg9NuNcxDaaAcnMULuZlaTpP9+hwXhrxNGsF5GmLkSHxFdb5bBc1TzeujsRgTrPWi+Q=="
      },
      "ViciOne.ServiceBus": {
        "type": "Transitive",
        "resolved": "1.0.0",
        "contentHash": "JbJkEgsUdOmHyYAzDzBs4W9Y+NXgMZPLIN7dyWIkuyzG/n59+QeFDxEuZIO5gc+7iKdcTb1aqwR+5DGOC/LLIw==",
        "dependencies": {
          "FastExpressionCompiler": "5.4.1",
          "Microsoft.Extensions.DependencyInjection.Abstractions": "10.0.12",
          "Microsoft.Extensions.Diagnostics": "10.0.12",
          "Microsoft.Extensions.Diagnostics.HealthChecks": "10.0.12",
          "Microsoft.Extensions.Hosting.Abstractions": "10.0.12",
          "Microsoft.Extensions.Logging.Abstractions": "10.0.12",
          "Microsoft.Extensions.Options": "10.0.12",
          "ViciOne.ServiceBus.Abstractions": "1.0.0"
        }
      },
      "ViciOne.ServiceBus.Abstractions": {
        "type": "Transitive",
        "resolved": "1.0.0",
        "contentHash": "YwR5MBhCPHWOd+WuS7fr6aDlgszHEo0qSUcb3xfKi6E2sRyrNb7MJYi+Egt4oVoYbZeDBNp9jd7Ke4FVMRQzfw=="
      },
      "ViciOne.ServiceBus.Courier": {
        "type": "Transitive",
        "resolved": "1.0.0",
        "contentHash": "y4rnyTv45bcXXJEJSaGox6R0WLSHhPShq5ksdw3lOw87/4gcs6vowbLE+v2eqYQjwjU/YmlC7rb8+KEszRbxbw==",
        "dependencies": {
          "FastExpressionCompiler": "5.4.1",
          "Microsoft.Extensions.DependencyInjection.Abstractions": "10.0.12",
          "Microsoft.Extensions.Diagnostics": "10.0.12",
          "Microsoft.Extensions.Diagnostics.HealthChecks": "10.0.12",
          "Microsoft.Extensions.Hosting.Abstractions": "10.0.12",
          "Microsoft.Extensions.Logging.Abstractions": "10.0.12",
          "Microsoft.Extensions.Options": "10.0.12",
          "ViciOne.ServiceBus": "1.0.0"
        }
      },
      "ViciOne.ServiceBus.Futures": {
        "type": "Transitive",
        "resolved": "1.0.0",
        "contentHash": "Rfj9SyvIbwuHo2YrcCIHxET0/N7sq/CZ5Iw7ND4V9hTmROOZZ65HBJtJdT0BTPSMYCNHBSqlSQH9R4mdO0gtLQ==",
        "dependencies": {
          "FastExpressionCompiler": "5.4.1",
          "Microsoft.Extensions.DependencyInjection.Abstractions": "10.0.12",
          "Microsoft.Extensions.Diagnostics": "10.0.12",
          "Microsoft.Extensions.Diagnostics.HealthChecks": "10.0.12",
          "Microsoft.Extensions.Hosting.Abstractions": "10.0.12",
          "Microsoft.Extensions.Logging.Abstractions": "10.0.12",
          "Microsoft.Extensions.Options": "10.0.12",
          "ViciOne.ServiceBus": "1.0.0",
          "ViciOne.ServiceBus.Courier": "1.0.0",
          "ViciOne.ServiceBus.Sagas": "1.0.0"
        }
      },
      "ViciOne.ServiceBus.Mediator": {
        "type": "Transitive",
        "resolved": "1.0.0",
        "contentHash": "goSLUv3ZeljIoTJdlsFkrihvNGEBANZ56A4dukF+PJETBFEHDOAMoLKKlGcOCbpVA2qeUjK56AAD+SP6CqXfIA==",
        "dependencies": {
          "FastExpressionCompiler": "5.4.1",
          "Microsoft.Extensions.DependencyInjection.Abstractions": "10.0.12",
          "Microsoft.Extensions.Diagnostics": "10.0.12",
          "Microsoft.Extensions.Diagnostics.HealthChecks": "10.0.12",
          "Microsoft.Extensions.Hosting.Abstractions": "10.0.12",
          "Microsoft.Extensions.Logging.Abstractions": "10.0.12",
          "Microsoft.Extensions.Options": "10.0.12",
          "ViciOne.ServiceBus": "1.0.0"
        }
      },
      "ViciOne.ServiceBus.RabbitMq": {
        "type": "Transitive",
        "resolved": "1.0.0",
        "contentHash": "9NAQT4KpIMTVwpau6BLkynZHj0tojpfxLp8ghplSTqmbXetDOoaLic5oG3w7wWQAmAcGdpPunohrKL/1V1vuVw==",
        "dependencies": {
          "FastExpressionCompiler": "5.4.1",
          "Microsoft.Extensions.DependencyInjection.Abstractions": "10.0.12",
          "Microsoft.Extensions.Diagnostics": "10.0.12",
          "Microsoft.Extensions.Diagnostics.HealthChecks": "10.0.12",
          "Microsoft.Extensions.Hosting.Abstractions": "10.0.12",
          "Microsoft.Extensions.Logging.Abstractions": "10.0.12",
          "Microsoft.Extensions.Options": "10.0.12",
          "RabbitMQ.Client": "7.2.2",
          "ViciOne.ServiceBus": "1.0.0"
        }
      },
      "ViciOne.ServiceBus.Sagas": {
        "type": "Transitive",
        "resolved": "1.0.0",
        "contentHash": "AK6v4+dry1thTXUP8Yekz57Jx5VqHKd+1VvL9e9S4HLzKr5RB7QSNE05sjDBQ7Vbedkf6ALmHjVaSP4a6fDIOg==",
        "dependencies": {
          "FastExpressionCompiler": "5.4.1",
          "Microsoft.Extensions.DependencyInjection.Abstractions": "10.0.12",
          "Microsoft.Extensions.Diagnostics": "10.0.12",
          "Microsoft.Extensions.Diagnostics.HealthChecks": "10.0.12",
          "Microsoft.Extensions.Hosting.Abstractions": "10.0.12",
          "Microsoft.Extensions.Logging.Abstractions": "10.0.12",
          "Microsoft.Extensions.Options": "10.0.12",
          "ViciOne.ServiceBus": "1.0.0"
        }
      },
      "ViciOne.ServiceBus.Testing": {
        "type": "Transitive",
        "resolved": "1.0.0",
        "contentHash": "2YkGDm5lNtx9Lpzcx+6p57cQM700H2MfOu3tL5AODTGpIvcKJa7jhjt1SUzstzSVWXTdu70EvvF3ItFQ9JFySg==",
        "dependencies": {
          "FastExpressionCompiler": "5.4.1",
          "Microsoft.Extensions.DependencyInjection.Abstractions": "10.0.12",
          "Microsoft.Extensions.Diagnostics": "10.0.12",
          "Microsoft.Extensions.Diagnostics.HealthChecks": "10.0.12",
          "Microsoft.Extensions.Hosting.Abstractions": "10.0.12",
          "Microsoft.Extensions.Logging.Abstractions": "10.0.12",
          "Microsoft.Extensions.Options": "10.0.12",
          "ViciOne.ServiceBus": "1.0.0",
          "ViciOne.ServiceBus.Courier": "1.0.0",
          "ViciOne.ServiceBus.Futures": "1.0.0",
          "ViciOne.ServiceBus.Mediator": "1.0.0",
          "ViciOne.ServiceBus.Sagas": "1.0.0"
        }
      }
    }
  }
}